// !$*UTF8*$!
{
	archiveVersion = 1;
	classes = {
	};
	objectVersion = 56;
	objects = {

/* Begin PBXBuildFile section */
		58774EC82966E69100F67FB9 /* AppDelegate.swift in Sources */ = {isa = PBXBuildFile; fileRef = 58774EC72966E69100F67FB9 /* AppDelegate.swift */; };
		58774ECA2966E69100F67FB9 /* SceneDelegate.swift in Sources */ = {isa = PBXBuildFile; fileRef = 58774EC92966E69100F67FB9 /* SceneDelegate.swift */; };
		58774ECC2966E69100F67FB9 /* ViewController.swift in Sources */ = {isa = PBXBuildFile; fileRef = 58774ECB2966E69100F67FB9 /* ViewController.swift */; };
		58774ECF2966E69100F67FB9 /* Main.storyboard in Resources */ = {isa = PBXBuildFile; fileRef = 58774ECD2966E69100F67FB9 /* Main.storyboard */; };
		58774ED22966E69100F67FB9 /* ITunes_Clone.xcdatamodeld in Sources */ = {isa = PBXBuildFile; fileRef = 58774ED02966E69100F67FB9 /* ITunes_Clone.xcdatamodeld */; };
		58774ED42966E69200F67FB9 /* Assets.xcassets in Resources */ = {isa = PBXBuildFile; fileRef = 58774ED32966E69200F67FB9 /* Assets.xcassets */; };
		58774ED72966E69200F67FB9 /* LaunchScreen.storyboard in Resources */ = {isa = PBXBuildFile; fileRef = 58774ED52966E69200F67FB9 /* LaunchScreen.storyboard */; };
		58774EE12966EF0700F67FB9 /* LocalDataService.swift in Sources */ = {isa = PBXBuildFile; fileRef = 58774EE02966EF0700F67FB9 /* LocalDataService.swift */; };
		58774EE32966EFFF00F67FB9 /* SongViewController.swift in Sources */ = {isa = PBXBuildFile; fileRef = 58774EE22966EFFF00F67FB9 /* SongViewController.swift */; };
		58774EE52966F00800F67FB9 /* ServerResponce.swift in Sources */ = {isa = PBXBuildFile; fileRef = 58774EE42966F00800F67FB9 /* ServerResponce.swift */; };
		58774EE72966F01A00F67FB9 /* NetworkController.swift in Sources */ = {isa = PBXBuildFile; fileRef = 58774EE62966F01A00F67FB9 /* NetworkController.swift */; };
		58774EE92966F02400F67FB9 /* MainViewController.swift in Sources */ = {isa = PBXBuildFile; fileRef = 58774EE82966F02400F67FB9 /* MainViewController.swift */; };
/* End PBXBuildFile section */

/* Begin PBXFileReference section */
		58774EC42966E69100F67FB9 /* ITunes Clone.app */ = {isa = PBXFileReference; explicitFileType = wrapper.application; includeInIndex = 0; path = "ITunes Clone.app"; sourceTree = BUILT_PRODUCTS_DIR; };
		58774EC72966E69100F67FB9 /* AppDelegate.swift */ = {isa = PBXFileReference; lastKnownFileType = sourcecode.swift; path = AppDelegate.swift; sourceTree = "<group>"; };
		58774EC92966E69100F67FB9 /* SceneDelegate.swift */ = {isa = PBXFileReference; lastKnownFileType = sourcecode.swift; path = SceneDelegate.swift; sourceTree = "<group>"; };
		58774ECB2966E69100F67FB9 /* ViewController.swift */ = {isa = PBXFileReference; lastKnownFileType = sourcecode.swift; path = ViewController.swift; sourceTree = "<group>"; };
		58774ECE2966E69100F67FB9 /* Base */ = {isa = PBXFileReference; lastKnownFileType = file.storyboard; name = Base; path = Base.lproj/Main.storyboard; sourceTree = "<group>"; };
		58774ED12966E69100F67FB9 /* ITunes_Clone.xcdatamodel */ = {isa = PBXFileReference; lastKnownFileType = wrapper.xcdatamodel; path = ITunes_Clone.xcdatamodel; sourceTree = "<group>"; };
		58774ED32966E69200F67FB9 /* Assets.xcassets */ = {isa = PBXFileReference; lastKnownFileType = folder.assetcatalog; path = Assets.xcassets; sourceTree = "<group>"; };
		58774ED62966E69200F67FB9 /* Base */ = {isa = PBXFileReference; lastKnownFileType = file.storyboard; name = Base; path = Base.lproj/LaunchScreen.storyboard; sourceTree = "<group>"; };
		58774ED82966E69200F67FB9 /* Info.plist */ = {isa = PBXFileReference; lastKnownFileType = text.plist.xml; path = Info.plist; sourceTree = "<group>"; };
		58774EE02966EF0700F67FB9 /* LocalDataService.swift */ = {isa = PBXFileReference; lastKnownFileType = sourcecode.swift; path = LocalDataService.swift; sourceTree = "<group>"; };
		58774EE22966EFFF00F67FB9 /* SongViewController.swift */ = {isa = PBXFileReference; lastKnownFileType = sourcecode.swift; path = SongViewController.swift; sourceTree = "<group>"; };
		58774EE42966F00800F67FB9 /* ServerResponce.swift */ = {isa = PBXFileReference; lastKnownFileType = sourcecode.swift; path = ServerResponce.swift; sourceTree = "<group>"; };
		58774EE62966F01A00F67FB9 /* NetworkController.swift */ = {isa = PBXFileReference; lastKnownFileType = sourcecode.swift; path = NetworkController.swift; sourceTree = "<group>"; };
		58774EE82966F02400F67FB9 /* MainViewController.swift */ = {isa = PBXFileReference; lastKnownFileType = sourcecode.swift; path = MainViewController.swift; sourceTree = "<group>"; };
/* End PBXFileReference section */

/* Begin PBXFrameworksBuildPhase section */
		58774EC12966E69100F67FB9 /* Frameworks */ = {
			isa = PBXFrameworksBuildPhase;
			buildActionMask = 2147483647;
			files = (
			);
			runOnlyForDeploymentPostprocessing = 0;
		};
/* End PBXFrameworksBuildPhase section */

/* Begin PBXGroup section */
		58774EBB2966E69100F67FB9 = {
			isa = PBXGroup;
			children = (
				58774EC62966E69100F67FB9 /* ITunes Clone */,
				58774EC52966E69100F67FB9 /* Products */,
			);
			sourceTree = "<group>";
		};
		58774EC52966E69100F67FB9 /* Products */ = {
			isa = PBXGroup;
			children = (
				58774EC42966E69100F67FB9 /* ITunes Clone.app */,
			);
			name = Products;
			sourceTree = "<group>";
		};
		58774EC62966E69100F67FB9 /* ITunes Clone */ = {
			isa = PBXGroup;
			children = (
				58774EC72966E69100F67FB9 /* AppDelegate.swift */,
				58774EC92966E69100F67FB9 /* SceneDelegate.swift */,
				58774ECB2966E69100F67FB9 /* ViewController.swift */,
				58774ECD2966E69100F67FB9 /* Main.storyboard */,
				58774ED32966E69200F67FB9 /* Assets.xcassets */,
				58774ED52966E69200F67FB9 /* LaunchScreen.storyboard */,
				58774ED82966E69200F67FB9 /* Info.plist */,
				58774ED02966E69100F67FB9 /* ITunes_Clone.xcdatamodeld */,
				58774EE02966EF0700F67FB9 /* LocalDataService.swift */,
				58774EE22966EFFF00F67FB9 /* SongViewController.swift */,
				58774EE42966F00800F67FB9 /* ServerResponce.swift */,
				58774EE62966F01A00F67FB9 /* NetworkController.swift */,
				58774EE82966F02400F67FB9 /* MainViewController.swift */,
			);
			path = "ITunes Clone";
			sourceTree = "<group>";
		};
/* End PBXGroup section */

/* Begin PBXNativeTarget section */
		58774EC32966E69100F67FB9 /* ITunes Clone */ = {
			isa = PBXNativeTarget;
			buildConfigurationList = 58774EDB2966E69200F67FB9 /* Build configuration list for PBXNativeTarget "ITunes Clone" */;
			buildPhases = (
				58774EC02966E69100F67FB9 /* Sources */,
				58774EC12966E69100F67FB9 /* Frameworks */,
				58774EC22966E69100F67FB9 /* Resources */,
			);
			buildRules = (
			);
			dependencies = (
			);
			name = "ITunes Clone";
			productName = "ITunes Clone";
			productReference = 58774EC42966E69100F67FB9 /* ITunes Clone.app */;
			productType = "com.apple.product-type.application";
		};
/* End PBXNativeTarget section */

/* Begin PBXProject section */
		58774EBC2966E69100F67FB9 /* Project object */ = {
			isa = PBXProject;
			attributes = {
				BuildIndependentTargetsInParallel = 1;
				LastSwiftUpdateCheck = 1400;
				LastUpgradeCheck = 1400;
				TargetAttributes = {
					58774EC32966E69100F67FB9 = {
						CreatedOnToolsVersion = 14.0;
					};
				};
			};
			buildConfigurationList = 58774EBF2966E69100F67FB9 /* Build configuration list for PBXProject "ITunes Clone" */;
			compatibilityVersion = "Xcode 14.0";
			developmentRegion = en;
			hasScannedForEncodings = 0;
			knownRegions = (
				en,
				Base,
			);
			mainGroup = 58774EBB2966E69100F67FB9;
			productRefGroup = 58774EC52966E69100F67FB9 /* Products */;
			projectDirPath = "";
			projectRoot = "";
			targets = (
				58774EC32966E69100F67FB9 /* ITunes Clone */,
			);
		};
/* End PBXProject section */

/* Begin PBXResourcesBuildPhase section */
		58774EC22966E69100F67FB9 /* Resources */ = {
			isa = PBXResourcesBuildPhase;
			buildActionMask = 2147483647;
			files = (
				58774ED72966E69200F67FB9 /* LaunchScreen.storyboard in Resources */,
				58774ED42966E69200F67FB9 /* Assets.xcassets in Resources */,
				58774ECF2966E69100F67FB9 /* Main.storyboard in Resources */,
			);
			runOnlyForDeploymentPostprocessing = 0;
		};
/* End PBXResourcesBuildPhase section */

/* Begin PBXSourcesBuildPhase section */
		58774EC02966E69100F67FB9 /* Sources */ = {
			isa = PBXSourcesBuildPhase;
			buildActionMask = 2147483647;
			files = (
				58774EE72966F01A00F67FB9 /* NetworkController.swift in Sources */,
				58774ECC2966E69100F67FB9 /* ViewController.swift in Sources */,
				58774ED22966E69100F67FB9 /* ITunes_Clone.xcdatamodeld in Sources */,
				58774EE12966EF0700F67FB9 /* LocalDataService.swift in Sources */,
				58774EE52966F00800F67FB9 /* ServerResponce.swift in Sources */,
				58774EE32966EFFF00F67FB9 /* SongViewController.swift in Sources */,
				58774EE92966F02400F67FB9 /* MainViewController.swift in Sources */,
				58774EC82966E69100F67FB9 /* AppDelegate.swift in Sources */,
				58774ECA2966E69100F67FB9 /* SceneDelegate.swift in Sources */,
			);
			runOnlyForDeploymentPostprocessing = 0;
		};
/* End PBXSourcesBuildPhase section */

/* Begin PBXVariantGroup section */
		58774ECD2966E69100F67FB9 /* Main.storyboard */ = {
			isa = PBXVariantGroup;
			children = (
				58774ECE2966E69100F67FB9 /* Base */,
			);
			name = Main.storyboard;
			sourceTree = "<group>";
		};
		58774ED52966E69200F67FB9 /* LaunchScreen.storyboard */ = {
			isa = PBXVariantGroup;
			children = (
				58774ED62966E69200F67FB9 /* Base */,
			);
			name = LaunchScreen.storyboard;
			sourceTree = "<group>";
		};
/* End PBXVariantGroup section */

/* Begin XCBuildConfiguration section */
		58774ED92966E69200F67FB9 /* Debug */ = {
			isa = XCBuildConfiguration;
			buildSettings = {
				ALWAYS_SEARCH_USER_PATHS = NO;
				CLANG_ANALYZER_NONNULL = YES;
				CLANG_ANALYZER_NUMBER_OBJECT_CONVERSION = YES_AGGRESSIVE;
				CLANG_CXX_LANGUAGE_STANDARD = "gnu++20";
				CLANG_ENABLE_MODULES = YES;
				CLANG_ENABLE_OBJC_ARC = YES;
				CLANG_ENABLE_OBJC_WEAK = YES;
				CLANG_WARN_BLOCK_CAPTURE_AUTORELEASING = YES;
				CLANG_WARN_BOOL_CONVERSION = YES;
				CLANG_WARN_COMMA = YES;
				CLANG_WARN_CONSTANT_CONVERSION = YES;
				CLANG_WARN_DEPRECATED_OBJC_IMPLEMENTATIONS = YES;
				CLANG_WARN_DIRECT_OBJC_ISA_USAGE = YES_ERROR;
				CLANG_WARN_DOCUMENTATION_COMMENTS = YES;
				CLANG_WARN_EMPTY_BODY = YES;
				CLANG_WARN_ENUM_CONVERSION = YES;
				CLANG_WARN_INFINITE_RECURSION = YES;
				CLANG_WARN_INT_CONVERSION = YES;
				CLANG_WARN_NON_LITERAL_NULL_CONVERSION = YES;
				CLANG_WARN_OBJC_IMPLICIT_RETAIN_SELF = YES;
				CLANG_WARN_OBJC_LITERAL_CONVERSION = YES;
				CLANG_WARN_OBJC_ROOT_CLASS = YES_ERROR;
				CLANG_WARN_QUOTED_INCLUDE_IN_FRAMEWORK_HEADER = YES;
				CLANG_WARN_RANGE_LOOP_ANALYSIS = YES;
				CLANG_WARN_STRICT_PROTOTYPES = YES;
				CLANG_WARN_SUSPICIOUS_MOVE = YES;
				CLANG_WARN_UNGUARDED_AVAILABILITY = YES_AGGRESSIVE;
				CLANG_WARN_UNREACHABLE_CODE = YES;
				CLANG_WARN__DUPLICATE_METHOD_MATCH = YES;
				COPY_PHASE_STRIP = NO;
				DEBUG_INFORMATION_FORMAT = dwarf;
				ENABLE_STRICT_OBJC_MSGSEND = YES;
				ENABLE_TESTABILITY = YES;
				GCC_C_LANGUAGE_STANDARD = gnu11;
				GCC_DYNAMIC_NO_PIC = NO;
				GCC_NO_COMMON_BLOCKS = YES;
				GCC_OPTIMIZATION_LEVEL = 0;
				GCC_PREPROCESSOR_DEFINITIONS = (
					"DEBUG=1",
					"$(inherited)",
				);
				GCC_WARN_64_TO_32_BIT_CONVERSION = YES;
				GCC_WARN_ABOUT_RETURN_TYPE = YES_ERROR;
				GCC_WARN_UNDECLARED_SELECTOR = YES;
				GCC_WARN_UNINITIALIZED_AUTOS = YES_AGGRESSIVE;
				GCC_WARN_UNUSED_FUNCTION = YES;
				GCC_WARN_UNUSED_VARIABLE = YES;
				IPHONEOS_DEPLOYMENT_TARGET = 16.0;
				MTL_ENABLE_DEBUG_INFO = INCLUDE_SOURCE;
				MTL_FAST_MATH = YES;
				ONLY_ACTIVE_ARCH = YES;
				SDKROOT = iphoneos;
				SWIFT_ACTIVE_COMPILATION_CONDITIONS = DEBUG;
				SWIFT_OPTIMIZATION_LEVEL = "-Onone";
			};
			name = Debug;
		};
		58774EDA2966E69200F67FB9 /* Release */ = {
			isa = XCBuildConfiguration;
			buildSettings = {
				ALWAYS_SEARCH_USER_PATHS = NO;
				CLANG_ANALYZER_NONNULL = YES;
				CLANG_ANALYZER_NUMBER_OBJECT_CONVERSION = YES_AGGRESSIVE;
				CLANG_CXX_LANGUAGE_STANDARD = "gnu++20";
				CLANG_ENABLE_MODULES = YES;
				CLANG_ENABLE_OBJC_ARC = YES;
				CLANG_ENABLE_OBJC_WEAK = YES;
				CLANG_WARN_BLOCK_CAPTURE_AUTORELEASING = YES;
				CLANG_WARN_BOOL_CONVERSION = YES;
				CLANG_WARN_COMMA = YES;
				CLANG_WARN_CONSTANT_CONVERSION = YES;
				CLANG_WARN_DEPRECATED_OBJC_IMPLEMENTATIONS = YES;
				CLANG_WARN_DIRECT_OBJC_ISA_USAGE = YES_ERROR;
				CLANG_WARN_DOCUMENTATION_COMMENTS = YES;
				CLANG_WARN_EMPTY_BODY = YES;
				CLANG_WARN_ENUM_CONVERSION = YES;
				CLANG_WARN_INFINITE_RECURSION = YES;
				CLANG_WARN_INT_CONVERSION = YES;
				CLANG_WARN_NON_LITERAL_NULL_CONVERSION = YES;
				CLANG_WARN_OBJC_IMPLICIT_RETAIN_SELF = YES;
				CLANG_WARN_OBJC_LITERAL_CONVERSION = YES;
				CLANG_WARN_OBJC_ROOT_CLASS = YES_ERROR;
				CLANG_WARN_QUOTED_INCLUDE_IN_FRAMEWORK_HEADER = YES;
				CLANG_WARN_RANGE_LOOP_ANALYSIS = YES;
				CLANG_WARN_STRICT_PROTOTYPES = YES;
				CLANG_WARN_SUSPICIOUS_MOVE = YES;
				CLANG_WARN_UNGUARDED_AVAILABILITY = YES_AGGRESSIVE;
				CLANG_WARN_UNREACHABLE_CODE = YES;
				CLANG_WARN__DUPLICATE_METHOD_MATCH = YES;
				COPY_PHASE_STRIP = NO;
				DEBUG_INFORMATION_FORMAT = "dwarf-with-dsym";
				ENABLE_NS_ASSERTIONS = NO;
				ENABLE_STRICT_OBJC_MSGSEND = YES;
				GCC_C_LANGUAGE_STANDARD = gnu11;
				GCC_NO_COMMON_BLOCKS = YES;
				GCC_WARN_64_TO_32_BIT_CONVERSION = YES;
				GCC_WARN_ABOUT_RETURN_TYPE = YES_ERROR;
				GCC_WARN_UNDECLARED_SELECTOR = YES;
				GCC_WARN_UNINITIALIZED_AUTOS = YES_AGGRESSIVE;
				GCC_WARN_UNUSED_FUNCTION = YES;
				GCC_WARN_UNUSED_VARIABLE = YES;
				IPHONEOS_DEPLOYMENT_TARGET = 16.0;
				MTL_ENABLE_DEBUG_INFO = NO;
				MTL_FAST_MATH = YES;
				SDKROOT = iphoneos;
				SWIFT_COMPILATION_MODE = wholemodule;
				SWIFT_OPTIMIZATION_LEVEL = "-O";
				VALIDATE_PRODUCT = YES;
			};
			name = Release;
		};
		58774EDC2966E69200F67FB9 /* Debug */ = {
			isa = XCBuildConfiguration;
			buildSettings = {
				ASSETCATALOG_COMPILER_APPICON_NAME = AppIcon;
				ASSETCATALOG_COMPILER_GLOBAL_ACCENT_COLOR_NAME = AccentColor;
				CODE_SIGN_STYLE = Automatic;
				CURRENT_PROJECT_VERSION = 1;
				DEVELOPMENT_TEAM = 5UU3CMA5B7;
				GENERATE_INFOPLIST_FILE = YES;
				INFOPLIST_FILE = "ITunes Clone/Info.plist";
				INFOPLIST_KEY_UIApplicationSupportsIndirectInputEvents = YES;
				INFOPLIST_KEY_UILaunchStoryboardName = LaunchScreen;
				INFOPLIST_KEY_UIMainStoryboardFile = Main;
				INFOPLIST_KEY_UISupportedInterfaceOrientations_iPad = "UIInterfaceOrientationPortrait UIInterfaceOrientationPortraitUpsideDown UIInterfaceOrientationLandscapeLeft UIInterfaceOrientationLandscapeRight";
				INFOPLIST_KEY_UISupportedInterfaceOrientations_iPhone = "UIInterfaceOrientationPortrait UIInterfaceOrientationLandscapeLeft UIInterfaceOrientationLandscapeRight";
				LD_RUNPATH_SEARCH_PATHS = (
					"$(inherited)",
					"@executable_path/Frameworks",
				);
				MARKETING_VERSION = 1.0;
				PRODUCT_BUNDLE_IDENTIFIER = "com.adigamovr.ITunes-Clone";
				PRODUCT_NAME = "$(TARGET_NAME)";
				SWIFT_EMIT_LOC_STRINGS = YES;
				SWIFT_VERSION = 5.0;
				TARGETED_DEVICE_FAMILY = "1,2";
			};
			name = Debug;
		};
		58774EDD2966E69200F67FB9 /* Release */ = {
			isa = XCBuildConfiguration;
			buildSettings = {
				ASSETCATALOG_COMPILER_APPICON_NAME = AppIcon;
				ASSETCATALOG_COMPILER_GLOBAL_ACCENT_COLOR_NAME = AccentColor;
				CODE_SIGN_STYLE = Automatic;
				CURRENT_PROJECT_VERSION = 1;
				DEVELOPMENT_TEAM = 5UU3CMA5B7;
				GENERATE_INFOPLIST_FILE = YES;
				INFOPLIST_FILE = "ITunes Clone/Info.plist";
				INFOPLIST_KEY_UIApplicationSupportsIndirectInputEvents = YES;
				INFOPLIST_KEY_UILaunchStoryboardName = LaunchScreen;
				INFOPLIST_KEY_UIMainStoryboardFile = Main;
				INFOPLIST_KEY_UISupportedInterfaceOrientations_iPad = "UIInterfaceOrientationPortrait UIInterfaceOrientationPortraitUpsideDown UIInterfaceOrientationLandscapeLeft UIInterfaceOrientationLandscapeRight";
				INFOPLIST_KEY_UISupportedInterfaceOrientations_iPhone = "UIInterfaceOrientationPortrait UIInterfaceOrientationLandscapeLeft UIInterfaceOrientationLandscapeRight";
				LD_RUNPATH_SEARCH_PATHS = (
					"$(inherited)",
					"@executable_path/Frameworks",
				);
				MARKETING_VERSION = 1.0;
				PRODUCT_BUNDLE_IDENTIFIER = "com.adigamovr.ITunes-Clone";
				PRODUCT_NAME = "$(TARGET_NAME)";
				SWIFT_EMIT_LOC_STRINGS = YES;
				SWIFT_VERSION = 5.0;
				TARGETED_DEVICE_FAMILY = "1,2";
			};
			name = Release;
		};
/* End XCBuildConfiguration section */

/* Begin XCConfigurationList section */
		58774EBF2966E69100F67FB9 /* Build configuration list for PBXProject "ITunes Clone" */ = {
			isa = XCConfigurationList;
			buildConfigurations = (
				58774ED92966E69200F67FB9 /* Debug */,
				58774EDA2966E69200F67FB9 /* Release */,
			);
			defaultConfigurationIsVisible = 0;
			defaultConfigurationName = Release;
		};
		58774EDB2966E69200F67FB9 /* Build configuration list for PBXNativeTarget "ITunes Clone" */ = {
			isa = XCConfigurationList;
			buildConfigurations = (
				58774EDC2966E69200F67FB9 /* Debug */,
				58774EDD2966E69200F67FB9 /* Release */,
			);
			defaultConfigurationIsVisible = 0;
			defaultConfigurationName = Release;
		};
/* End XCConfigurationList section */

/* Begin XCVersionGroup section */
		58774ED02966E69100F67FB9 /* ITunes_Clone.xcdatamodeld */ = {
			isa = XCVersionGroup;
			children = (
				58774ED12966E69100F67FB9 /* ITunes_Clone.xcdatamodel */,
			);
			currentVersion = 58774ED12966E69100F67FB9 /* ITunes_Clone.xcdatamodel */;
			path = ITunes_Clone.xcdatamodeld;
			sourceTree = "<group>";
			versionGroupType = wrapper.xcdatamodel;
		};
/* End XCVersionGroup section */
	};
	rootObject = 58774EBC2966E69100F67FB9 /* Project object */;
}
